
Microsoft Visual Studio Solution File, Format Version 12.00
# Visual Studio 15
VisualStudioVersion = 15.0.27428.2015
MinimumVisualStudioVersion = 10.0.40219.1
Project("{FAE04EC0-301F-11D3-BF4B-00C04F79EFBC}") = "How to consume Rest API", "How to consume Rest API\How to consume Rest API.csproj", "{5D2A7618-93C7-4167-810C-9CB9A16C5FE9}"
EndProject
Global
	GlobalSection(SolutionConfigurationPlatforms) = preSolution
		Debug|Any CPU = Debug|Any CPU
		Release|Any CPU = Release|Any CPU
	EndGlobalSection
	GlobalSection(ProjectConfigurationPlatforms) = postSolution
		{5D2A7618-93C7-4167-810C-9CB9A16C5FE9}.Debug|Any CPU.ActiveCfg = Debug|Any CPU
		{5D2A7618-93C7-4167-810C-9CB9A16C5FE9}.Debug|Any CPU.Build.0 = Debug|Any CPU
		{5D2A7618-93C7-4167-810C-9CB9A16C5FE9}.Release|Any CPU.ActiveCfg = Release|Any CPU
		{5D2A7618-93C7-4167-810C-9CB9A16C5FE9}.Release|Any CPU.Build.0 = Release|Any CPU
	EndGlobalSection
	GlobalSection(SolutionProperties) = preSolution
		HideSolutionNode = FALSE
	EndGlobalSection
	GlobalSection(ExtensibilityGlobals) = postSolution
		SolutionGuid = {99E947FD-0E83-4A06-A8ED-84BA51AD298C}
	EndGlobalSection
EndGlobal
